
Microsoft Visual Studio Solution File, Format Version 12.00
# Visual Studio Version 16
VisualStudioVersion = 16.0.30104.148
MinimumVisualStudioVersion = 10.0.40219.1
Project("{FAE04EC0-301F-11D3-BF4B-00C04F79EFBC}") = "Lab5(1)", "Lab5(1)\Lab5(1).csproj", "{7DB28ECE-2110-4A40-A25E-92284C849662}"
EndProject
Project("{FAE04EC0-301F-11D3-BF4B-00C04F79EFBC}") = "UnitTests", "UnitTests\UnitTests.csproj", "{9FE27607-DC00-4325-AD38-016E746C5DAF}"
EndProject
Global
	GlobalSection(SolutionConfigurationPlatforms) = preSolution
		Debug|Any CPU = Debug|Any CPU
		Release|Any CPU = Release|Any CPU
	EndGlobalSection
	GlobalSection(ProjectConfigurationPlatforms) = postSolution
		{7DB28ECE-2110-4A40-A25E-92284C849662}.Debug|Any CPU.ActiveCfg = Debug|Any CPU
		{7DB28ECE-2110-4A40-A25E-92284C849662}.Debug|Any CPU.Build.0 = Debug|Any CPU
		{7DB28ECE-2110-4A40-A25E-92284C849662}.Release|Any CPU.ActiveCfg = Release|Any CPU
		{7DB28ECE-2110-4A40-A25E-92284C849662}.Release|Any CPU.Build.0 = Release|Any CPU
		{9FE27607-DC00-4325-AD38-016E746C5DAF}.Debug|Any CPU.ActiveCfg = Debug|Any CPU
		{9FE27607-DC00-4325-AD38-016E746C5DAF}.Debug|Any CPU.Build.0 = Debug|Any CPU
		{9FE27607-DC00-4325-AD38-016E746C5DAF}.Release|Any CPU.ActiveCfg = Release|Any CPU
		{9FE27607-DC00-4325-AD38-016E746C5DAF}.Release|Any CPU.Build.0 = Release|Any CPU
	EndGlobalSection
	GlobalSection(SolutionProperties) = preSolution
		HideSolutionNode = FALSE
	EndGlobalSection
	GlobalSection(ExtensibilityGlobals) = postSolution
		SolutionGuid = {ED5C33F8-46B1-4689-BF6A-35FAE73E804A}
	EndGlobalSection
EndGlobal
